
Microsoft Visual Studio Solution File, Format Version 12.00
# Visual Studio Version 17
VisualStudioVersion = 17.5.33530.505
MinimumVisualStudioVersion = 10.0.40219.1
Project("{FAE04EC0-301F-11D3-BF4B-00C04F79EFBC}") = "DemoOCIAISpeech", "DemoOCIAISpeech\DemoOCIAISpeech.csproj", "{3660A5EA-8E93-4D28-9B08-36F9F2BCD200}"
EndProject
Global
	GlobalSection(SolutionConfigurationPlatforms) = preSolution
		Debug|Any CPU = Debug|Any CPU
		Release|Any CPU = Release|Any CPU
	EndGlobalSection
	GlobalSection(ProjectConfigurationPlatforms) = postSolution
		{3660A5EA-8E93-4D28-9B08-36F9F2BCD200}.Debug|Any CPU.ActiveCfg = Debug|Any CPU
		{3660A5EA-8E93-4D28-9B08-36F9F2BCD200}.Debug|Any CPU.Build.0 = Debug|Any CPU
		{3660A5EA-8E93-4D28-9B08-36F9F2BCD200}.Release|Any CPU.ActiveCfg = Release|Any CPU
		{3660A5EA-8E93-4D28-9B08-36F9F2BCD200}.Release|Any CPU.Build.0 = Release|Any CPU
	EndGlobalSection
	GlobalSection(SolutionProperties) = preSolution
		HideSolutionNode = FALSE
	EndGlobalSection
	GlobalSection(ExtensibilityGlobals) = postSolution
		SolutionGuid = {D66E7EDB-153A-4691-927B-46049F7D476E}
	EndGlobalSection
EndGlobal
